
Microsoft Visual Studio Solution File, Format Version 12.00
# Visual Studio Version 16
VisualStudioVersion = 16.0.32002.261
MinimumVisualStudioVersion = 10.0.40219.1
Project("{FAE04EC0-301F-11D3-BF4B-00C04F79EFBC}") = "Trabalhoprojeto2", "Trabalhoprojeto2.csproj", "{9AA5D745-6B7B-49B3-A8FB-A0E2872B943C}"
EndProject
Global
	GlobalSection(SolutionConfigurationPlatforms) = preSolution
		Debug|Any CPU = Debug|Any CPU
		Release|Any CPU = Release|Any CPU
	EndGlobalSection
	GlobalSection(ProjectConfigurationPlatforms) = postSolution
		{9AA5D745-6B7B-49B3-A8FB-A0E2872B943C}.Debug|Any CPU.ActiveCfg = Debug|Any CPU
		{9AA5D745-6B7B-49B3-A8FB-A0E2872B943C}.Debug|Any CPU.Build.0 = Debug|Any CPU
		{9AA5D745-6B7B-49B3-A8FB-A0E2872B943C}.Release|Any CPU.ActiveCfg = Release|Any CPU
		{9AA5D745-6B7B-49B3-A8FB-A0E2872B943C}.Release|Any CPU.Build.0 = Release|Any CPU
	EndGlobalSection
	GlobalSection(SolutionProperties) = preSolution
		HideSolutionNode = FALSE
	EndGlobalSection
	GlobalSection(ExtensibilityGlobals) = postSolution
		SolutionGuid = {63649BD1-946A-424F-9E2D-E422131C3181}
	EndGlobalSection
EndGlobal
