
Microsoft Visual Studio Solution File, Format Version 12.00
# Visual Studio Version 16
VisualStudioVersion = 16.0.31729.503
MinimumVisualStudioVersion = 10.0.40219.1
Project("{FAE04EC0-301F-11D3-BF4B-00C04F79EFBC}") = "Trivia_menu", "Trivia_menu.csproj", "{22B33B96-C24F-421F-895B-71A247CDDCE5}"
EndProject
Global
	GlobalSection(SolutionConfigurationPlatforms) = preSolution
		Debug|Any CPU = Debug|Any CPU
		Release|Any CPU = Release|Any CPU
	EndGlobalSection
	GlobalSection(ProjectConfigurationPlatforms) = postSolution
		{22B33B96-C24F-421F-895B-71A247CDDCE5}.Debug|Any CPU.ActiveCfg = Debug|Any CPU
		{22B33B96-C24F-421F-895B-71A247CDDCE5}.Debug|Any CPU.Build.0 = Debug|Any CPU
		{22B33B96-C24F-421F-895B-71A247CDDCE5}.Release|Any CPU.ActiveCfg = Release|Any CPU
		{22B33B96-C24F-421F-895B-71A247CDDCE5}.Release|Any CPU.Build.0 = Release|Any CPU
	EndGlobalSection
	GlobalSection(SolutionProperties) = preSolution
		HideSolutionNode = FALSE
	EndGlobalSection
	GlobalSection(ExtensibilityGlobals) = postSolution
		SolutionGuid = {10686AC9-1CC0-40F7-B982-0A743C5A9FF4}
	EndGlobalSection
EndGlobal
